{
  "name": "date",
  "lockfileVersion": 2,
  "requires": true,
  "packages": {
    "": {
      "dependencies": {
        "stdio": "^2.1.1"
      }
    },
    "node_modules/stdio": {
      "version": "2.1.1",
      "resolved": "https://registry.npmjs.org/stdio/-/stdio-2.1.1.tgz",
      "integrity": "sha512-ZHO7SD10nZnc2pMN85MPPTCKutXPKH+7Z50B7zt/JRNAHXLbI3BidMc9HFD/j2VupZ8lQdSVJB0ebZSVXC6uXw=="
    }
  },
  "dependencies": {
    "stdio": {
      "version": "2.1.1",
      "resolved": "https://registry.npmjs.org/stdio/-/stdio-2.1.1.tgz",
      "integrity": "sha512-ZHO7SD10nZnc2pMN85MPPTCKutXPKH+7Z50B7zt/JRNAHXLbI3BidMc9HFD/j2VupZ8lQdSVJB0ebZSVXC6uXw=="
    }
  }
}
